// !$*UTF8*$!
{
	archiveVersion = 1;
	classes = {
	};
	objectVersion = 46;
	objects = {

/* Begin PBXBuildFile section */
		061565BA1D546AF800404CD0 /* CHLineWaveController.m in Sources */ = {isa = PBXBuildFile; fileRef = 061565B91D546AF800404CD0 /* CHLineWaveController.m */; };
		0638D9021D30F9160017D9C6 /* CHHeartViewController.m in Sources */ = {isa = PBXBuildFile; fileRef = 0638D9011D30F9160017D9C6 /* CHHeartViewController.m */; };
		0639EB041E1F7E4D0072E558 /* CHFlipButton.m in Sources */ = {isa = PBXBuildFile; fileRef = 0639EB031E1F7E4D0072E558 /* CHFlipButton.m */; };
		0639EB071E1F83050072E558 /* CHFlipViewController.m in Sources */ = {isa = PBXBuildFile; fileRef = 0639EB061E1F83050072E558 /* CHFlipViewController.m */; };
		065ED5E01DE9658600D999A2 /* CHCircleHUD.m in Sources */ = {isa = PBXBuildFile; fileRef = 065ED5CD1DE9658600D999A2 /* CHCircleHUD.m */; };
		065ED5E11DE9658600D999A2 /* CHDrewPieView.m in Sources */ = {isa = PBXBuildFile; fileRef = 065ED5D01DE9658600D999A2 /* CHDrewPieView.m */; };
		065ED5E21DE9658600D999A2 /* CHFivePointView.m in Sources */ = {isa = PBXBuildFile; fileRef = 065ED5D31DE9658600D999A2 /* CHFivePointView.m */; };
		065ED5E31DE9658600D999A2 /* CHHeartView.m in Sources */ = {isa = PBXBuildFile; fileRef = 065ED5D61DE9658600D999A2 /* CHHeartView.m */; };
		065ED5E41DE9658600D999A2 /* CHLineWave.m in Sources */ = {isa = PBXBuildFile; fileRef = 065ED5D91DE9658600D999A2 /* CHLineWave.m */; };
		065ED5E51DE9658600D999A2 /* CHNumbersAnimation.m in Sources */ = {isa = PBXBuildFile; fileRef = 065ED5DC1DE9658600D999A2 /* CHNumbersAnimation.m */; };
		065ED5E61DE9658600D999A2 /* CHRadar.m in Sources */ = {isa = PBXBuildFile; fileRef = 065ED5DF1DE9658600D999A2 /* CHRadar.m */; };
		065ED5E91DE9659400D999A2 /* CHBrokenLine.m in Sources */ = {isa = PBXBuildFile; fileRef = 065ED5E81DE9659400D999A2 /* CHBrokenLine.m */; };
		067FDC871CB4A2DF000F52BC /* main.m in Sources */ = {isa = PBXBuildFile; fileRef = 067FDC861CB4A2DF000F52BC /* main.m */; };
		067FDC8A1CB4A2DF000F52BC /* AppDelegate.m in Sources */ = {isa = PBXBuildFile; fileRef = 067FDC891CB4A2DF000F52BC /* AppDelegate.m */; };
		067FDC8D1CB4A2DF000F52BC /* ViewController.m in Sources */ = {isa = PBXBuildFile; fileRef = 067FDC8C1CB4A2DF000F52BC /* ViewController.m */; };
		067FDC901CB4A2DF000F52BC /* Main.storyboard in Resources */ = {isa = PBXBuildFile; fileRef = 067FDC8E1CB4A2DF000F52BC /* Main.storyboard */; };
		067FDC921CB4A2DF000F52BC /* Assets.xcassets in Resources */ = {isa = PBXBuildFile; fileRef = 067FDC911CB4A2DF000F52BC /* Assets.xcassets */; };
		067FDC951CB4A2DF000F52BC /* LaunchScreen.storyboard in Resources */ = {isa = PBXBuildFile; fileRef = 067FDC931CB4A2DF000F52BC /* LaunchScreen.storyboard */; };
		067FDCA21CB4AA23000F52BC /* CHFivePointController.m in Sources */ = {isa = PBXBuildFile; fileRef = 067FDCA11CB4AA23000F52BC /* CHFivePointController.m */; };
		067FDCAD1CB4B4B8000F52BC /* CHPieController.m in Sources */ = {isa = PBXBuildFile; fileRef = 067FDCAC1CB4B4B8000F52BC /* CHPieController.m */; };
		067FDCB01CB4B6AE000F52BC /* CHRadarController.m in Sources */ = {isa = PBXBuildFile; fileRef = 067FDCAF1CB4B6AE000F52BC /* CHRadarController.m */; };
		06C1DF281D324F2000C25FE3 /* GLKit.framework in Frameworks */ = {isa = PBXBuildFile; fileRef = 06C1DF271D324F2000C25FE3 /* GLKit.framework */; };
		06C5160E1CB788EB008C1E7E /* CHCircleViewController.m in Sources */ = {isa = PBXBuildFile; fileRef = 06C5160D1CB788EB008C1E7E /* CHCircleViewController.m */; };
		06E26E501DE995D10047E317 /* CHHistogramView.m in Sources */ = {isa = PBXBuildFile; fileRef = 06E26E4F1DE995D10047E317 /* CHHistogramView.m */; };
		06E26E531DE997D70047E317 /* CHDataViewController.m in Sources */ = {isa = PBXBuildFile; fileRef = 06E26E521DE997D70047E317 /* CHDataViewController.m */; };
		7F15AA89B168D988DBD333EB /* libPods-CHAnimationDemo.a in Frameworks */ = {isa = PBXBuildFile; fileRef = CFDE811B338B356FBEAA09F4 /* libPods-CHAnimationDemo.a */; };
/* End PBXBuildFile section */

/* Begin PBXFileReference section */
		061565B81D546AF800404CD0 /* CHLineWaveController.h */ = {isa = PBXFileReference; fileEncoding = 4; lastKnownFileType = sourcecode.c.h; path = CHLineWaveController.h; sourceTree = "<group>"; };
		061565B91D546AF800404CD0 /* CHLineWaveController.m */ = {isa = PBXFileReference; fileEncoding = 4; lastKnownFileType = sourcecode.c.objc; path = CHLineWaveController.m; sourceTree = "<group>"; };
		0638D9001D30F9160017D9C6 /* CHHeartViewController.h */ = {isa = PBXFileReference; fileEncoding = 4; lastKnownFileType = sourcecode.c.h; path = CHHeartViewController.h; sourceTree = "<group>"; };
		0638D9011D30F9160017D9C6 /* CHHeartViewController.m */ = {isa = PBXFileReference; fileEncoding = 4; lastKnownFileType = sourcecode.c.objc; path = CHHeartViewController.m; sourceTree = "<group>"; };
		0639EB021E1F7E4D0072E558 /* CHFlipButton.h */ = {isa = PBXFileReference; fileEncoding = 4; lastKnownFileType = sourcecode.c.h; path = CHFlipButton.h; sourceTree = "<group>"; };
		0639EB031E1F7E4D0072E558 /* CHFlipButton.m */ = {isa = PBXFileReference; fileEncoding = 4; lastKnownFileType = sourcecode.c.objc; path = CHFlipButton.m; sourceTree = "<group>"; };
		0639EB051E1F83050072E558 /* CHFlipViewController.h */ = {isa = PBXFileReference; fileEncoding = 4; lastKnownFileType = sourcecode.c.h; path = CHFlipViewController.h; sourceTree = "<group>"; };
		0639EB061E1F83050072E558 /* CHFlipViewController.m */ = {isa = PBXFileReference; fileEncoding = 4; lastKnownFileType = sourcecode.c.objc; path = CHFlipViewController.m; sourceTree = "<group>"; };
		065ED5CC1DE9658600D999A2 /* CHCircleHUD.h */ = {isa = PBXFileReference; fileEncoding = 4; lastKnownFileType = sourcecode.c.h; path = CHCircleHUD.h; sourceTree = "<group>"; };
		065ED5CD1DE9658600D999A2 /* CHCircleHUD.m */ = {isa = PBXFileReference; fileEncoding = 4; lastKnownFileType = sourcecode.c.objc; path = CHCircleHUD.m; sourceTree = "<group>"; };
		065ED5CF1DE9658600D999A2 /* CHDrewPieView.h */ = {isa = PBXFileReference; fileEncoding = 4; lastKnownFileType = sourcecode.c.h; path = CHDrewPieView.h; sourceTree = "<group>"; };
		065ED5D01DE9658600D999A2 /* CHDrewPieView.m */ = {isa = PBXFileReference; fileEncoding = 4; lastKnownFileType = sourcecode.c.objc; path = CHDrewPieView.m; sourceTree = "<group>"; };
		065ED5D21DE9658600D999A2 /* CHFivePointView.h */ = {isa = PBXFileReference; fileEncoding = 4; lastKnownFileType = sourcecode.c.h; path = CHFivePointView.h; sourceTree = "<group>"; };
		065ED5D31DE9658600D999A2 /* CHFivePointView.m */ = {isa = PBXFileReference; fileEncoding = 4; lastKnownFileType = sourcecode.c.objc; path = CHFivePointView.m; sourceTree = "<group>"; };
		065ED5D51DE9658600D999A2 /* CHHeartView.h */ = {isa = PBXFileReference; fileEncoding = 4; lastKnownFileType = sourcecode.c.h; path = CHHeartView.h; sourceTree = "<group>"; };
		065ED5D61DE9658600D999A2 /* CHHeartView.m */ = {isa = PBXFileReference; fileEncoding = 4; lastKnownFileType = sourcecode.c.objc; path = CHHeartView.m; sourceTree = "<group>"; };
		065ED5D81DE9658600D999A2 /* CHLineWave.h */ = {isa = PBXFileReference; fileEncoding = 4; lastKnownFileType = sourcecode.c.h; path = CHLineWave.h; sourceTree = "<group>"; };
		065ED5D91DE9658600D999A2 /* CHLineWave.m */ = {isa = PBXFileReference; fileEncoding = 4; lastKnownFileType = sourcecode.c.objc; path = CHLineWave.m; sourceTree = "<group>"; };
		065ED5DB1DE9658600D999A2 /* CHNumbersAnimation.h */ = {isa = PBXFileReference; fileEncoding = 4; lastKnownFileType = sourcecode.c.h; path = CHNumbersAnimation.h; sourceTree = "<group>"; };
		065ED5DC1DE9658600D999A2 /* CHNumbersAnimation.m */ = {isa = PBXFileReference; fileEncoding = 4; lastKnownFileType = sourcecode.c.objc; path = CHNumbersAnimation.m; sourceTree = "<group>"; };
		065ED5DE1DE9658600D999A2 /* CHRadar.h */ = {isa = PBXFileReference; fileEncoding = 4; lastKnownFileType = sourcecode.c.h; path = CHRadar.h; sourceTree = "<group>"; };
		065ED5DF1DE9658600D999A2 /* CHRadar.m */ = {isa = PBXFileReference; fileEncoding = 4; lastKnownFileType = sourcecode.c.objc; path = CHRadar.m; sourceTree = "<group>"; };
		065ED5E71DE9659400D999A2 /* CHBrokenLine.h */ = {isa = PBXFileReference; fileEncoding = 4; lastKnownFileType = sourcecode.c.h; path = CHBrokenLine.h; sourceTree = "<group>"; };
		065ED5E81DE9659400D999A2 /* CHBrokenLine.m */ = {isa = PBXFileReference; fileEncoding = 4; lastKnownFileType = sourcecode.c.objc; path = CHBrokenLine.m; sourceTree = "<group>"; };
		067FDC821CB4A2DF000F52BC /* CHAnimationDemo.app */ = {isa = PBXFileReference; explicitFileType = wrapper.application; includeInIndex = 0; path = CHAnimationDemo.app; sourceTree = BUILT_PRODUCTS_DIR; };
		067FDC861CB4A2DF000F52BC /* main.m */ = {isa = PBXFileReference; lastKnownFileType = sourcecode.c.objc; path = main.m; sourceTree = "<group>"; };
		067FDC881CB4A2DF000F52BC /* AppDelegate.h */ = {isa = PBXFileReference; lastKnownFileType = sourcecode.c.h; path = AppDelegate.h; sourceTree = "<group>"; };
		067FDC891CB4A2DF000F52BC /* AppDelegate.m */ = {isa = PBXFileReference; lastKnownFileType = sourcecode.c.objc; path = AppDelegate.m; sourceTree = "<group>"; };
		067FDC8B1CB4A2DF000F52BC /* ViewController.h */ = {isa = PBXFileReference; lastKnownFileType = sourcecode.c.h; path = ViewController.h; sourceTree = "<group>"; };
		067FDC8C1CB4A2DF000F52BC /* ViewController.m */ = {isa = PBXFileReference; lastKnownFileType = sourcecode.c.objc; path = ViewController.m; sourceTree = "<group>"; };
		067FDC8F1CB4A2DF000F52BC /* Base */ = {isa = PBXFileReference; lastKnownFileType = file.storyboard; name = Base; path = Base.lproj/Main.storyboard; sourceTree = "<group>"; };
		067FDC911CB4A2DF000F52BC /* Assets.xcassets */ = {isa = PBXFileReference; lastKnownFileType = folder.assetcatalog; path = Assets.xcassets; sourceTree = "<group>"; };
		067FDC941CB4A2DF000F52BC /* Base */ = {isa = PBXFileReference; lastKnownFileType = file.storyboard; name = Base; path = Base.lproj/LaunchScreen.storyboard; sourceTree = "<group>"; };
		067FDC961CB4A2DF000F52BC /* Info.plist */ = {isa = PBXFileReference; lastKnownFileType = text.plist.xml; path = Info.plist; sourceTree = "<group>"; };
		067FDCA01CB4AA23000F52BC /* CHFivePointController.h */ = {isa = PBXFileReference; fileEncoding = 4; lastKnownFileType = sourcecode.c.h; path = CHFivePointController.h; sourceTree = "<group>"; };
		067FDCA11CB4AA23000F52BC /* CHFivePointController.m */ = {isa = PBXFileReference; fileEncoding = 4; lastKnownFileType = sourcecode.c.objc; path = CHFivePointController.m; sourceTree = "<group>"; };
		067FDCAB1CB4B4B8000F52BC /* CHPieController.h */ = {isa = PBXFileReference; fileEncoding = 4; lastKnownFileType = sourcecode.c.h; path = CHPieController.h; sourceTree = "<group>"; };
		067FDCAC1CB4B4B8000F52BC /* CHPieController.m */ = {isa = PBXFileReference; fileEncoding = 4; lastKnownFileType = sourcecode.c.objc; path = CHPieController.m; sourceTree = "<group>"; };
		067FDCAE1CB4B6AE000F52BC /* CHRadarController.h */ = {isa = PBXFileReference; fileEncoding = 4; lastKnownFileType = sourcecode.c.h; path = CHRadarController.h; sourceTree = "<group>"; };
		067FDCAF1CB4B6AE000F52BC /* CHRadarController.m */ = {isa = PBXFileReference; fileEncoding = 4; lastKnownFileType = sourcecode.c.objc; path = CHRadarController.m; sourceTree = "<group>"; };
		06C1DF271D324F2000C25FE3 /* GLKit.framework */ = {isa = PBXFileReference; lastKnownFileType = wrapper.framework; name = GLKit.framework; path = System/Library/Frameworks/GLKit.framework; sourceTree = SDKROOT; };
		06C5160C1CB788EB008C1E7E /* CHCircleViewController.h */ = {isa = PBXFileReference; fileEncoding = 4; lastKnownFileType = sourcecode.c.h; path = CHCircleViewController.h; sourceTree = "<group>"; };
		06C5160D1CB788EB008C1E7E /* CHCircleViewController.m */ = {isa = PBXFileReference; fileEncoding = 4; lastKnownFileType = sourcecode.c.objc; path = CHCircleViewController.m; sourceTree = "<group>"; };
		06E26E4E1DE995D10047E317 /* CHHistogramView.h */ = {isa = PBXFileReference; fileEncoding = 4; lastKnownFileType = sourcecode.c.h; path = CHHistogramView.h; sourceTree = "<group>"; };
		06E26E4F1DE995D10047E317 /* CHHistogramView.m */ = {isa = PBXFileReference; fileEncoding = 4; lastKnownFileType = sourcecode.c.objc; path = CHHistogramView.m; sourceTree = "<group>"; };
		06E26E511DE997D70047E317 /* CHDataViewController.h */ = {isa = PBXFileReference; fileEncoding = 4; lastKnownFileType = sourcecode.c.h; path = CHDataViewController.h; sourceTree = "<group>"; };
		06E26E521DE997D70047E317 /* CHDataViewController.m */ = {isa = PBXFileReference; fileEncoding = 4; lastKnownFileType = sourcecode.c.objc; path = CHDataViewController.m; sourceTree = "<group>"; };
		785C92A976004DBEE30DFC85 /* Pods-CHAnimationDemo.release.xcconfig */ = {isa = PBXFileReference; includeInIndex = 1; lastKnownFileType = text.xcconfig; name = "Pods-CHAnimationDemo.release.xcconfig"; path = "Pods/Target Support Files/Pods-CHAnimationDemo/Pods-CHAnimationDemo.release.xcconfig"; sourceTree = "<group>"; };
		CE658AA12097F101FBF85519 /* Pods-CHAnimationDemo.debug.xcconfig */ = {isa = PBXFileReference; includeInIndex = 1; lastKnownFileType = text.xcconfig; name = "Pods-CHAnimationDemo.debug.xcconfig"; path = "Pods/Target Support Files/Pods-CHAnimationDemo/Pods-CHAnimationDemo.debug.xcconfig"; sourceTree = "<group>"; };
		CFDE811B338B356FBEAA09F4 /* libPods-CHAnimationDemo.a */ = {isa = PBXFileReference; explicitFileType = archive.ar; includeInIndex = 0; path = "libPods-CHAnimationDemo.a"; sourceTree = BUILT_PRODUCTS_DIR; };
/* End PBXFileReference section */

/* Begin PBXFrameworksBuildPhase section */
		067FDC7F1CB4A2DE000F52BC /* Frameworks */ = {
			isa = PBXFrameworksBuildPhase;
			buildActionMask = 2147483647;
			files = (
				06C1DF281D324F2000C25FE3 /* GLKit.framework in Frameworks */,
				7F15AA89B168D988DBD333EB /* libPods-CHAnimationDemo.a in Frameworks */,
			);
			runOnlyForDeploymentPostprocessing = 0;
		};
/* End PBXFrameworksBuildPhase section */

/* Begin PBXGroup section */
		0639EB011E1F7E2F0072E558 /* CHFlipButton */ = {
			isa = PBXGroup;
			children = (
				0639EB021E1F7E4D0072E558 /* CHFlipButton.h */,
				0639EB031E1F7E4D0072E558 /* CHFlipButton.m */,
			);
			path = CHFlipButton;
			sourceTree = "<group>";
		};
		065ED5C91DE9658600D999A2 /* CHDrewKit */ = {
			isa = PBXGroup;
			children = (
				0639EB011E1F7E2F0072E558 /* CHFlipButton */,
				06E26E4D1DE995BF0047E317 /* CHHistogram */,
				065ED5CA1DE9658600D999A2 /* CHBrokenLine */,
				065ED5CB1DE9658600D999A2 /* CHCircleHUD */,
				065ED5CE1DE9658600D999A2 /* CHDrewPieView */,
				065ED5D11DE9658600D999A2 /* CHFivePoint */,
				065ED5D41DE9658600D999A2 /* CHHeartAnimation */,
				065ED5D71DE9658600D999A2 /* CHLineWave */,
				065ED5DA1DE9658600D999A2 /* CHNumbersAnimation */,
				065ED5DD1DE9658600D999A2 /* CHRadar */,
			);
			name = CHDrewKit;
			path = CHAnimationDemo/CHDrewKit;
			sourceTree = "<group>";
		};
		065ED5CA1DE9658600D999A2 /* CHBrokenLine */ = {
			isa = PBXGroup;
			children = (
				065ED5E71DE9659400D999A2 /* CHBrokenLine.h */,
				065ED5E81DE9659400D999A2 /* CHBrokenLine.m */,
			);
			path = CHBrokenLine;
			sourceTree = "<group>";
		};
		065ED5CB1DE9658600D999A2 /* CHCircleHUD */ = {
			isa = PBXGroup;
			children = (
				065ED5CC1DE9658600D999A2 /* CHCircleHUD.h */,
				065ED5CD1DE9658600D999A2 /* CHCircleHUD.m */,
			);
			path = CHCircleHUD;
			sourceTree = "<group>";
		};
		065ED5CE1DE9658600D999A2 /* CHDrewPieView */ = {
			isa = PBXGroup;
			children = (
				065ED5CF1DE9658600D999A2 /* CHDrewPieView.h */,
				065ED5D01DE9658600D999A2 /* CHDrewPieView.m */,
			);
			path = CHDrewPieView;
			sourceTree = "<group>";
		};
		065ED5D11DE9658600D999A2 /* CHFivePoint */ = {
			isa = PBXGroup;
			children = (
				065ED5D21DE9658600D999A2 /* CHFivePointView.h */,
				065ED5D31DE9658600D999A2 /* CHFivePointView.m */,
			);
			path = CHFivePoint;
			sourceTree = "<group>";
		};
		065ED5D41DE9658600D999A2 /* CHHeartAnimation */ = {
			isa = PBXGroup;
			children = (
				065ED5D51DE9658600D999A2 /* CHHeartView.h */,
				065ED5D61DE9658600D999A2 /* CHHeartView.m */,
			);
			path = CHHeartAnimation;
			sourceTree = "<group>";
		};
		065ED5D71DE9658600D999A2 /* CHLineWave */ = {
			isa = PBXGroup;
			children = (
				065ED5D81DE9658600D999A2 /* CHLineWave.h */,
				065ED5D91DE9658600D999A2 /* CHLineWave.m */,
			);
			path = CHLineWave;
			sourceTree = "<group>";
		};
		065ED5DA1DE9658600D999A2 /* CHNumbersAnimation */ = {
			isa = PBXGroup;
			children = (
				065ED5DB1DE9658600D999A2 /* CHNumbersAnimation.h */,
				065ED5DC1DE9658600D999A2 /* CHNumbersAnimation.m */,
			);
			path = CHNumbersAnimation;
			sourceTree = "<group>";
		};
		065ED5DD1DE9658600D999A2 /* CHRadar */ = {
			isa = PBXGroup;
			children = (
				065ED5DE1DE9658600D999A2 /* CHRadar.h */,
				065ED5DF1DE9658600D999A2 /* CHRadar.m */,
			);
			path = CHRadar;
			sourceTree = "<group>";
		};
		067FDC791CB4A2DE000F52BC = {
			isa = PBXGroup;
			children = (
				065ED5C91DE9658600D999A2 /* CHDrewKit */,
				067FDC841CB4A2DF000F52BC /* CHAnimationDemo */,
				067FDC831CB4A2DF000F52BC /* Products */,
				EC5C5D6EBE32A14DE0F20923 /* Frameworks */,
				84F321CDECFF7BC1668CB6A9 /* Pods */,
			);
			sourceTree = "<group>";
		};
		067FDC831CB4A2DF000F52BC /* Products */ = {
			isa = PBXGroup;
			children = (
				067FDC821CB4A2DF000F52BC /* CHAnimationDemo.app */,
			);
			name = Products;
			sourceTree = "<group>";
		};
		067FDC841CB4A2DF000F52BC /* CHAnimationDemo */ = {
			isa = PBXGroup;
			children = (
				06E26E511DE997D70047E317 /* CHDataViewController.h */,
				06E26E521DE997D70047E317 /* CHDataViewController.m */,
				061565B81D546AF800404CD0 /* CHLineWaveController.h */,
				061565B91D546AF800404CD0 /* CHLineWaveController.m */,
				0638D9001D30F9160017D9C6 /* CHHeartViewController.h */,
				0638D9011D30F9160017D9C6 /* CHHeartViewController.m */,
				067FDCA01CB4AA23000F52BC /* CHFivePointController.h */,
				067FDCA11CB4AA23000F52BC /* CHFivePointController.m */,
				067FDCAE1CB4B6AE000F52BC /* CHRadarController.h */,
				067FDCAF1CB4B6AE000F52BC /* CHRadarController.m */,
				067FDCAB1CB4B4B8000F52BC /* CHPieController.h */,
				067FDCAC1CB4B4B8000F52BC /* CHPieController.m */,
				06C5160C1CB788EB008C1E7E /* CHCircleViewController.h */,
				06C5160D1CB788EB008C1E7E /* CHCircleViewController.m */,
				067FDC881CB4A2DF000F52BC /* AppDelegate.h */,
				067FDC891CB4A2DF000F52BC /* AppDelegate.m */,
				067FDC8B1CB4A2DF000F52BC /* ViewController.h */,
				067FDC8C1CB4A2DF000F52BC /* ViewController.m */,
				067FDC8E1CB4A2DF000F52BC /* Main.storyboard */,
				067FDC911CB4A2DF000F52BC /* Assets.xcassets */,
				067FDC931CB4A2DF000F52BC /* LaunchScreen.storyboard */,
				067FDC961CB4A2DF000F52BC /* Info.plist */,
				067FDC851CB4A2DF000F52BC /* Supporting Files */,
				0639EB051E1F83050072E558 /* CHFlipViewController.h */,
				0639EB061E1F83050072E558 /* CHFlipViewController.m */,
			);
			path = CHAnimationDemo;
			sourceTree = "<group>";
		};
		067FDC851CB4A2DF000F52BC /* Supporting Files */ = {
			isa = PBXGroup;
			children = (
				067FDC861CB4A2DF000F52BC /* main.m */,
			);
			name = "Supporting Files";
			sourceTree = "<group>";
		};
		06E26E4D1DE995BF0047E317 /* CHHistogram */ = {
			isa = PBXGroup;
			children = (
				06E26E4E1DE995D10047E317 /* CHHistogramView.h */,
				06E26E4F1DE995D10047E317 /* CHHistogramView.m */,
			);
			path = CHHistogram;
			sourceTree = "<group>";
		};
		84F321CDECFF7BC1668CB6A9 /* Pods */ = {
			isa = PBXGroup;
			children = (
				CE658AA12097F101FBF85519 /* Pods-CHAnimationDemo.debug.xcconfig */,
				785C92A976004DBEE30DFC85 /* Pods-CHAnimationDemo.release.xcconfig */,
			);
			name = Pods;
			sourceTree = "<group>";
		};
		EC5C5D6EBE32A14DE0F20923 /* Frameworks */ = {
			isa = PBXGroup;
			children = (
				06C1DF271D324F2000C25FE3 /* GLKit.framework */,
				CFDE811B338B356FBEAA09F4 /* libPods-CHAnimationDemo.a */,
			);
			name = Frameworks;
			sourceTree = "<group>";
		};
/* End PBXGroup section */

/* Begin PBXNativeTarget section */
		067FDC811CB4A2DE000F52BC /* CHAnimationDemo */ = {
			isa = PBXNativeTarget;
			buildConfigurationList = 067FDC991CB4A2DF000F52BC /* Build configuration list for PBXNativeTarget "CHAnimationDemo" */;
			buildPhases = (
				139BC04BD2FA4E346C8CA853 /* [CP] Check Pods Manifest.lock */,
				067FDC7E1CB4A2DE000F52BC /* Sources */,
				067FDC7F1CB4A2DE000F52BC /* Frameworks */,
				067FDC801CB4A2DE000F52BC /* Resources */,
				8DF60778072A8CD017EE305D /* [CP] Embed Pods Frameworks */,
				66BFD9938460EEFAAA84B511 /* [CP] Copy Pods Resources */,
			);
			buildRules = (
			);
			dependencies = (
			);
			name = CHAnimationDemo;
			productName = CHAnimationDemo;
			productReference = 067FDC821CB4A2DF000F52BC /* CHAnimationDemo.app */;
			productType = "com.apple.product-type.application";
		};
/* End PBXNativeTarget section */

/* Begin PBXProject section */
		067FDC7A1CB4A2DE000F52BC /* Project object */ = {
			isa = PBXProject;
			attributes = {
				LastUpgradeCheck = 0720;
				ORGANIZATIONNAME = Chausson;
				TargetAttributes = {
					067FDC811CB4A2DE000F52BC = {
						CreatedOnToolsVersion = 7.2.1;
					};
				};
			};
			buildConfigurationList = 067FDC7D1CB4A2DE000F52BC /* Build configuration list for PBXProject "CHAnimationDemo" */;
			compatibilityVersion = "Xcode 3.2";
			developmentRegion = English;
			hasScannedForEncodings = 0;
			knownRegions = (
				en,
				Base,
			);
			mainGroup = 067FDC791CB4A2DE000F52BC;
			productRefGroup = 067FDC831CB4A2DF000F52BC /* Products */;
			projectDirPath = "";
			projectRoot = "";
			targets = (
				067FDC811CB4A2DE000F52BC /* CHAnimationDemo */,
			);
		};
/* End PBXProject section */

/* Begin PBXResourcesBuildPhase section */
		067FDC801CB4A2DE000F52BC /* Resources */ = {
			isa = PBXResourcesBuildPhase;
			buildActionMask = 2147483647;
			files = (
				067FDC951CB4A2DF000F52BC /* LaunchScreen.storyboard in Resources */,
				067FDC921CB4A2DF000F52BC /* Assets.xcassets in Resources */,
				067FDC901CB4A2DF000F52BC /* Main.storyboard in Resources */,
			);
			runOnlyForDeploymentPostprocessing = 0;
		};
/* End PBXResourcesBuildPhase section */

/* Begin PBXShellScriptBuildPhase section */
		139BC04BD2FA4E346C8CA853 /* [CP] Check Pods Manifest.lock */ = {
			isa = PBXShellScriptBuildPhase;
			buildActionMask = 2147483647;
			files = (
			);
			inputPaths = (
			);
			name = "[CP] Check Pods Manifest.lock";
			outputPaths = (
			);
			runOnlyForDeploymentPostprocessing = 0;
			shellPath = /bin/sh;
			shellScript = "diff \"${PODS_ROOT}/../Podfile.lock\" \"${PODS_ROOT}/Manifest.lock\" > /dev/null\nif [ $? != 0 ] ; then\n    # print error to STDERR\n    echo \"error: The sandbox is not in sync with the Podfile.lock. Run 'pod install' or update your CocoaPods installation.\" >&2\n    exit 1\nfi\n";
			showEnvVarsInLog = 0;
		};
		66BFD9938460EEFAAA84B511 /* [CP] Copy Pods Resources */ = {
			isa = PBXShellScriptBuildPhase;
			buildActionMask = 2147483647;
			files = (
			);
			inputPaths = (
			);
			name = "[CP] Copy Pods Resources";
			outputPaths = (
			);
			runOnlyForDeploymentPostprocessing = 0;
			shellPath = /bin/sh;
			shellScript = "\"${SRCROOT}/Pods/Target Support Files/Pods-CHAnimationDemo/Pods-CHAnimationDemo-resources.sh\"\n";
			showEnvVarsInLog = 0;
		};
		8DF60778072A8CD017EE305D /* [CP] Embed Pods Frameworks */ = {
			isa = PBXShellScriptBuildPhase;
			buildActionMask = 2147483647;
			files = (
			);
			inputPaths = (
			);
			name = "[CP] Embed Pods Frameworks";
			outputPaths = (
			);
			runOnlyForDeploymentPostprocessing = 0;
			shellPath = /bin/sh;
			shellScript = "\"${SRCROOT}/Pods/Target Support Files/Pods-CHAnimationDemo/Pods-CHAnimationDemo-frameworks.sh\"\n";
			showEnvVarsInLog = 0;
		};
/* End PBXShellScriptBuildPhase section */

/* Begin PBXSourcesBuildPhase section */
		067FDC7E1CB4A2DE000F52BC /* Sources */ = {
			isa = PBXSourcesBuildPhase;
			buildActionMask = 2147483647;
			files = (
				067FDC8D1CB4A2DF000F52BC /* ViewController.m in Sources */,
				065ED5E11DE9658600D999A2 /* CHDrewPieView.m in Sources */,
				06C5160E1CB788EB008C1E7E /* CHCircleViewController.m in Sources */,
				065ED5E91DE9659400D999A2 /* CHBrokenLine.m in Sources */,
				067FDCA21CB4AA23000F52BC /* CHFivePointController.m in Sources */,
				061565BA1D546AF800404CD0 /* CHLineWaveController.m in Sources */,
				065ED5E01DE9658600D999A2 /* CHCircleHUD.m in Sources */,
				0639EB041E1F7E4D0072E558 /* CHFlipButton.m in Sources */,
				065ED5E51DE9658600D999A2 /* CHNumbersAnimation.m in Sources */,
				065ED5E31DE9658600D999A2 /* CHHeartView.m in Sources */,
				06E26E531DE997D70047E317 /* CHDataViewController.m in Sources */,
				067FDC8A1CB4A2DF000F52BC /* AppDelegate.m in Sources */,
				0639EB071E1F83050072E558 /* CHFlipViewController.m in Sources */,
				065ED5E61DE9658600D999A2 /* CHRadar.m in Sources */,
				067FDCAD1CB4B4B8000F52BC /* CHPieController.m in Sources */,
				0638D9021D30F9160017D9C6 /* CHHeartViewController.m in Sources */,
				06E26E501DE995D10047E317 /* CHHistogramView.m in Sources */,
				067FDC871CB4A2DF000F52BC /* main.m in Sources */,
				065ED5E21DE9658600D999A2 /* CHFivePointView.m in Sources */,
				067FDCB01CB4B6AE000F52BC /* CHRadarController.m in Sources */,
				065ED5E41DE9658600D999A2 /* CHLineWave.m in Sources */,
			);
			runOnlyForDeploymentPostprocessing = 0;
		};
/* End PBXSourcesBuildPhase section */

/* Begin PBXVariantGroup section */
		067FDC8E1CB4A2DF000F52BC /* Main.storyboard */ = {
			isa = PBXVariantGroup;
			children = (
				067FDC8F1CB4A2DF000F52BC /* Base */,
			);
			name = Main.storyboard;
			sourceTree = "<group>";
		};
		067FDC931CB4A2DF000F52BC /* LaunchScreen.storyboard */ = {
			isa = PBXVariantGroup;
			children = (
				067FDC941CB4A2DF000F52BC /* Base */,
			);
			name = LaunchScreen.storyboard;
			sourceTree = "<group>";
		};
/* End PBXVariantGroup section */

/* Begin XCBuildConfiguration section */
		067FDC971CB4A2DF000F52BC /* Debug */ = {
			isa = XCBuildConfiguration;
			buildSettings = {
				ALWAYS_SEARCH_USER_PATHS = NO;
				CLANG_CXX_LANGUAGE_STANDARD = "gnu++0x";
				CLANG_CXX_LIBRARY = "libc++";
				CLANG_ENABLE_MODULES = YES;
				CLANG_ENABLE_OBJC_ARC = YES;
				CLANG_WARN_BOOL_CONVERSION = YES;
				CLANG_WARN_CONSTANT_CONVERSION = YES;
				CLANG_WARN_DIRECT_OBJC_ISA_USAGE = YES_ERROR;
				CLANG_WARN_EMPTY_BODY = YES;
				CLANG_WARN_ENUM_CONVERSION = YES;
				CLANG_WARN_INT_CONVERSION = YES;
				CLANG_WARN_OBJC_ROOT_CLASS = YES_ERROR;
				CLANG_WARN_UNREACHABLE_CODE = YES;
				CLANG_WARN__DUPLICATE_METHOD_MATCH = YES;
				"CODE_SIGN_IDENTITY[sdk=iphoneos*]" = "iPhone Developer";
				COPY_PHASE_STRIP = NO;
				DEBUG_INFORMATION_FORMAT = dwarf;
				ENABLE_STRICT_OBJC_MSGSEND = YES;
				ENABLE_TESTABILITY = YES;
				GCC_C_LANGUAGE_STANDARD = gnu99;
				GCC_DYNAMIC_NO_PIC = NO;
				GCC_NO_COMMON_BLOCKS = YES;
				GCC_OPTIMIZATION_LEVEL = 0;
				GCC_PREPROCESSOR_DEFINITIONS = (
					"DEBUG=1",
					"$(inherited)",
				);
				GCC_WARN_64_TO_32_BIT_CONVERSION = YES;
				GCC_WARN_ABOUT_RETURN_TYPE = YES_ERROR;
				GCC_WARN_UNDECLARED_SELECTOR = YES;
				GCC_WARN_UNINITIALIZED_AUTOS = YES_AGGRESSIVE;
				GCC_WARN_UNUSED_FUNCTION = YES;
				GCC_WARN_UNUSED_VARIABLE = YES;
				IPHONEOS_DEPLOYMENT_TARGET = 9.2;
				MTL_ENABLE_DEBUG_INFO = YES;
				ONLY_ACTIVE_ARCH = YES;
				SDKROOT = iphoneos;
			};
			name = Debug;
		};
		067FDC981CB4A2DF000F52BC /* Release */ = {
			isa = XCBuildConfiguration;
			buildSettings = {
				ALWAYS_SEARCH_USER_PATHS = NO;
				CLANG_CXX_LANGUAGE_STANDARD = "gnu++0x";
				CLANG_CXX_LIBRARY = "libc++";
				CLANG_ENABLE_MODULES = YES;
				CLANG_ENABLE_OBJC_ARC = YES;
				CLANG_WARN_BOOL_CONVERSION = YES;
				CLANG_WARN_CONSTANT_CONVERSION = YES;
				CLANG_WARN_DIRECT_OBJC_ISA_USAGE = YES_ERROR;
				CLANG_WARN_EMPTY_BODY = YES;
				CLANG_WARN_ENUM_CONVERSION = YES;
				CLANG_WARN_INT_CONVERSION = YES;
				CLANG_WARN_OBJC_ROOT_CLASS = YES_ERROR;
				CLANG_WARN_UNREACHABLE_CODE = YES;
				CLANG_WARN__DUPLICATE_METHOD_MATCH = YES;
				"CODE_SIGN_IDENTITY[sdk=iphoneos*]" = "iPhone Developer";
				COPY_PHASE_STRIP = NO;
				DEBUG_INFORMATION_FORMAT = "dwarf-with-dsym";
				ENABLE_NS_ASSERTIONS = NO;
				ENABLE_STRICT_OBJC_MSGSEND = YES;
				GCC_C_LANGUAGE_STANDARD = gnu99;
				GCC_NO_COMMON_BLOCKS = YES;
				GCC_WARN_64_TO_32_BIT_CONVERSION = YES;
				GCC_WARN_ABOUT_RETURN_TYPE = YES_ERROR;
				GCC_WARN_UNDECLARED_SELECTOR = YES;
				GCC_WARN_UNINITIALIZED_AUTOS = YES_AGGRESSIVE;
				GCC_WARN_UNUSED_FUNCTION = YES;
				GCC_WARN_UNUSED_VARIABLE = YES;
				IPHONEOS_DEPLOYMENT_TARGET = 9.2;
				MTL_ENABLE_DEBUG_INFO = NO;
				SDKROOT = iphoneos;
				VALIDATE_PRODUCT = YES;
			};
			name = Release;
		};
		067FDC9A1CB4A2DF000F52BC /* Debug */ = {
			isa = XCBuildConfiguration;
			baseConfigurationReference = CE658AA12097F101FBF85519 /* Pods-CHAnimationDemo.debug.xcconfig */;
			buildSettings = {
				ASSETCATALOG_COMPILER_APPICON_NAME = AppIcon;
				INFOPLIST_FILE = CHAnimationDemo/Info.plist;
				LD_RUNPATH_SEARCH_PATHS = "$(inherited) @executable_path/Frameworks";
				PRODUCT_BUNDLE_IDENTIFIER = Chausson.CHAnimationDemo;
				PRODUCT_NAME = "$(TARGET_NAME)";
			};
			name = Debug;
		};
		067FDC9B1CB4A2DF000F52BC /* Release */ = {
			isa = XCBuildConfiguration;
			baseConfigurationReference = 785C92A976004DBEE30DFC85 /* Pods-CHAnimationDemo.release.xcconfig */;
			buildSettings = {
				ASSETCATALOG_COMPILER_APPICON_NAME = AppIcon;
				INFOPLIST_FILE = CHAnimationDemo/Info.plist;
				LD_RUNPATH_SEARCH_PATHS = "$(inherited) @executable_path/Frameworks";
				PRODUCT_BUNDLE_IDENTIFIER = Chausson.CHAnimationDemo;
				PRODUCT_NAME = "$(TARGET_NAME)";
			};
			name = Release;
		};
/* End XCBuildConfiguration section */

/* Begin XCConfigurationList section */
		067FDC7D1CB4A2DE000F52BC /* Build configuration list for PBXProject "CHAnimationDemo" */ = {
			isa = XCConfigurationList;
			buildConfigurations = (
				067FDC971CB4A2DF000F52BC /* Debug */,
				067FDC981CB4A2DF000F52BC /* Release */,
			);
			defaultConfigurationIsVisible = 0;
			defaultConfigurationName = Release;
		};
		067FDC991CB4A2DF000F52BC /* Build configuration list for PBXNativeTarget "CHAnimationDemo" */ = {
			isa = XCConfigurationList;
			buildConfigurations = (
				067FDC9A1CB4A2DF000F52BC /* Debug */,
				067FDC9B1CB4A2DF000F52BC /* Release */,
			);
			defaultConfigurationIsVisible = 0;
			defaultConfigurationName = Release;
		};
/* End XCConfigurationList section */
	};
	rootObject = 067FDC7A1CB4A2DE000F52BC /* Project object */;
}
